
Microsoft Visual Studio Solution File, Format Version 12.00
# Visual Studio 15
VisualStudioVersion = 15.0.28307.329
MinimumVisualStudioVersion = 10.0.40219.1
Project("{9A19103F-16F7-4668-BE54-9A1E7A4F7556}") = "TesteAteliware", "TesteAteliware\TesteAteliware.csproj", "{61E5EA3C-B119-440D-81AA-3E8C719E38AB}"
EndProject
Project("{9A19103F-16F7-4668-BE54-9A1E7A4F7556}") = "TesteAteliwareUTest", "TesteAteliwareUTest\TesteAteliwareUTest.csproj", "{D9A47998-3C50-4E3C-92BA-D46CF0EFEB38}"
EndProject
Global
	GlobalSection(SolutionConfigurationPlatforms) = preSolution
		Debug|Any CPU = Debug|Any CPU
		Release|Any CPU = Release|Any CPU
	EndGlobalSection
	GlobalSection(ProjectConfigurationPlatforms) = postSolution
		{61E5EA3C-B119-440D-81AA-3E8C719E38AB}.Debug|Any CPU.ActiveCfg = Debug|Any CPU
		{61E5EA3C-B119-440D-81AA-3E8C719E38AB}.Debug|Any CPU.Build.0 = Debug|Any CPU
		{61E5EA3C-B119-440D-81AA-3E8C719E38AB}.Release|Any CPU.ActiveCfg = Release|Any CPU
		{61E5EA3C-B119-440D-81AA-3E8C719E38AB}.Release|Any CPU.Build.0 = Release|Any CPU
		{D9A47998-3C50-4E3C-92BA-D46CF0EFEB38}.Debug|Any CPU.ActiveCfg = Debug|Any CPU
		{D9A47998-3C50-4E3C-92BA-D46CF0EFEB38}.Debug|Any CPU.Build.0 = Debug|Any CPU
		{D9A47998-3C50-4E3C-92BA-D46CF0EFEB38}.Release|Any CPU.ActiveCfg = Release|Any CPU
		{D9A47998-3C50-4E3C-92BA-D46CF0EFEB38}.Release|Any CPU.Build.0 = Release|Any CPU
	EndGlobalSection
	GlobalSection(SolutionProperties) = preSolution
		HideSolutionNode = FALSE
	EndGlobalSection
	GlobalSection(ExtensibilityGlobals) = postSolution
		SolutionGuid = {F5057D3B-2B74-42E9-A3D0-1250261ECDDC}
	EndGlobalSection
EndGlobal
